{
  "pins" : [
    {
      "identity" : "rxswift",
      "kind" : "remoteSourceControl",
      "location" : "https://github.com/ReactiveX/RxSwift.git",
      "state" : {
        "revision" : "5949cbd3d4f3f97968bb40b6cd232f8315c6341c",
        "version" : "6.7.0"
      }
    }
  ],
  "version" : 2
}
